
Microsoft Visual Studio Solution File, Format Version 15.00
# Visual Studio 15
VisualStudioVersion = 15.0.26228.4
MinimumVisualStudioVersion = 10.0.40219.1
Project("{FAE04EC0-301F-11D3-BF4B-00C04F79EFBC}") = "ContentPackageTabulator", "ContentPackageTabulator\ContentPackageTabulator.csproj", "{378C8487-4BA2-4508-8948-293F8A007608}"
EndProject
Project("{FAE04EC0-301F-11D3-BF4B-00C04F79EFBC}") = "ContentPackageTabulator.Tests", "ContentPackageTabulator.Tests\ContentPackageTabulator.Tests.csproj", "{292DEBE4-788A-48AF-864C-4C983AECCE26}"
EndProject
Global
	GlobalSection(SolutionConfigurationPlatforms) = preSolution
		Debug|Any CPU = Debug|Any CPU
		Release|Any CPU = Release|Any CPU
	EndGlobalSection
	GlobalSection(ProjectConfigurationPlatforms) = postSolution
		{378C8487-4BA2-4508-8948-293F8A007608}.Debug|Any CPU.ActiveCfg = Debug|Any CPU
		{378C8487-4BA2-4508-8948-293F8A007608}.Debug|Any CPU.Build.0 = Debug|Any CPU
		{378C8487-4BA2-4508-8948-293F8A007608}.Release|Any CPU.ActiveCfg = Release|Any CPU
		{378C8487-4BA2-4508-8948-293F8A007608}.Release|Any CPU.Build.0 = Release|Any CPU
		{292DEBE4-788A-48AF-864C-4C983AECCE26}.Debug|Any CPU.ActiveCfg = Debug|Any CPU
		{292DEBE4-788A-48AF-864C-4C983AECCE26}.Debug|Any CPU.Build.0 = Debug|Any CPU
		{292DEBE4-788A-48AF-864C-4C983AECCE26}.Release|Any CPU.ActiveCfg = Release|Any CPU
		{292DEBE4-788A-48AF-864C-4C983AECCE26}.Release|Any CPU.Build.0 = Release|Any CPU
	EndGlobalSection
	GlobalSection(SolutionProperties) = preSolution
		HideSolutionNode = FALSE
	EndGlobalSection
EndGlobal
